
Microsoft Visual Studio Solution File, Format Version 12.00
# Visual Studio Version 16
VisualStudioVersion = 16.0.30907.101
MinimumVisualStudioVersion = 10.0.40219.1
Project("{9A19103F-16F7-4668-BE54-9A1E7A4F7556}") = "ApplicationInsight", "ApplicationInsight\ApplicationInsight.csproj", "{66130AB9-4D44-4342-8181-EB8EA0CF15F4}"
EndProject
Project("{9A19103F-16F7-4668-BE54-9A1E7A4F7556}") = "ApplicationInsight.Definitions", "ApplicationInsight.Definitions\ApplicationInsight.Definitions.csproj", "{8DAC3857-081C-4FF0-958D-69A3A5ECD0A1}"
EndProject
Project("{9A19103F-16F7-4668-BE54-9A1E7A4F7556}") = "ApplicationInsight.Logging", "ApplicationInsight.Logging\ApplicationInsight.Logging.csproj", "{F20AC2F2-7229-4517-8521-086F47C74F70}"
EndProject
Project("{FAE04EC0-301F-11D3-BF4B-00C04F79EFBC}") = "ApplicationInsight.Web", "ApplicationInsight.Web\ApplicationInsight.Web.csproj", "{CFAABA87-5209-4988-B42A-CF6B406DB1D7}"
EndProject
Global
	GlobalSection(SolutionConfigurationPlatforms) = preSolution
		Debug|Any CPU = Debug|Any CPU
		Release|Any CPU = Release|Any CPU
	EndGlobalSection
	GlobalSection(ProjectConfigurationPlatforms) = postSolution
		{66130AB9-4D44-4342-8181-EB8EA0CF15F4}.Debug|Any CPU.ActiveCfg = Debug|Any CPU
		{66130AB9-4D44-4342-8181-EB8EA0CF15F4}.Debug|Any CPU.Build.0 = Debug|Any CPU
		{66130AB9-4D44-4342-8181-EB8EA0CF15F4}.Release|Any CPU.ActiveCfg = Release|Any CPU
		{66130AB9-4D44-4342-8181-EB8EA0CF15F4}.Release|Any CPU.Build.0 = Release|Any CPU
		{8DAC3857-081C-4FF0-958D-69A3A5ECD0A1}.Debug|Any CPU.ActiveCfg = Debug|Any CPU
		{8DAC3857-081C-4FF0-958D-69A3A5ECD0A1}.Debug|Any CPU.Build.0 = Debug|Any CPU
		{8DAC3857-081C-4FF0-958D-69A3A5ECD0A1}.Release|Any CPU.ActiveCfg = Release|Any CPU
		{8DAC3857-081C-4FF0-958D-69A3A5ECD0A1}.Release|Any CPU.Build.0 = Release|Any CPU
		{F20AC2F2-7229-4517-8521-086F47C74F70}.Debug|Any CPU.ActiveCfg = Debug|Any CPU
		{F20AC2F2-7229-4517-8521-086F47C74F70}.Debug|Any CPU.Build.0 = Debug|Any CPU
		{F20AC2F2-7229-4517-8521-086F47C74F70}.Release|Any CPU.ActiveCfg = Release|Any CPU
		{F20AC2F2-7229-4517-8521-086F47C74F70}.Release|Any CPU.Build.0 = Release|Any CPU
		{CFAABA87-5209-4988-B42A-CF6B406DB1D7}.Debug|Any CPU.ActiveCfg = Debug|Any CPU
		{CFAABA87-5209-4988-B42A-CF6B406DB1D7}.Debug|Any CPU.Build.0 = Debug|Any CPU
		{CFAABA87-5209-4988-B42A-CF6B406DB1D7}.Release|Any CPU.ActiveCfg = Release|Any CPU
		{CFAABA87-5209-4988-B42A-CF6B406DB1D7}.Release|Any CPU.Build.0 = Release|Any CPU
	EndGlobalSection
	GlobalSection(SolutionProperties) = preSolution
		HideSolutionNode = FALSE
	EndGlobalSection
	GlobalSection(ExtensibilityGlobals) = postSolution
		SolutionGuid = {C893AAA5-B751-4C2A-ABEE-75E9A07FAE73}
	EndGlobalSection
EndGlobal
